
Microsoft Visual Studio Solution File, Format Version 12.00
# Visual Studio Version 17
VisualStudioVersion = 17.2.32616.157
MinimumVisualStudioVersion = 10.0.40219.1
Project("{2150E333-8FDC-42A3-9474-1A3956D46DE8}") = "Inventory", "Inventory", "{B9467C25-64B0-4600-860C-0C91F019AA72}"
EndProject
Project("{9A19103F-16F7-4668-BE54-9A1E7A4F7556}") = "Inventory", "src\Inventory\Inventory.csproj", "{87E8A348-C062-4825-B143-13E1F2639729}"
EndProject
Project("{2150E333-8FDC-42A3-9474-1A3956D46DE8}") = "Orders", "Orders", "{86B151FF-CBED-4F10-B7A7-1A0E0BF739A8}"
EndProject
Project("{FAE04EC0-301F-11D3-BF4B-00C04F79EFBC}") = "Orders", "src\Orders\Orders\Orders.csproj", "{A61FBB99-1152-4777-86A6-E785EB5EE26E}"
EndProject
Project("{2150E333-8FDC-42A3-9474-1A3956D46DE8}") = "BasicItems", "BasicItems", "{9D3EB5BF-D53A-4F02-92C3-2458649D42D0}"
EndProject
Project("{FAE04EC0-301F-11D3-BF4B-00C04F79EFBC}") = "BasicItems", "BasicItems\BasicItems.csproj", "{04D0E5AE-873B-4545-B3F1-D6534E3BE2A5}"
EndProject
Global
	GlobalSection(SolutionConfigurationPlatforms) = preSolution
		Debug|Any CPU = Debug|Any CPU
		Release|Any CPU = Release|Any CPU
	EndGlobalSection
	GlobalSection(ProjectConfigurationPlatforms) = postSolution
		{87E8A348-C062-4825-B143-13E1F2639729}.Debug|Any CPU.ActiveCfg = Debug|Any CPU
		{87E8A348-C062-4825-B143-13E1F2639729}.Debug|Any CPU.Build.0 = Debug|Any CPU
		{87E8A348-C062-4825-B143-13E1F2639729}.Release|Any CPU.ActiveCfg = Release|Any CPU
		{87E8A348-C062-4825-B143-13E1F2639729}.Release|Any CPU.Build.0 = Release|Any CPU
		{A61FBB99-1152-4777-86A6-E785EB5EE26E}.Debug|Any CPU.ActiveCfg = Debug|Any CPU
		{A61FBB99-1152-4777-86A6-E785EB5EE26E}.Debug|Any CPU.Build.0 = Debug|Any CPU
		{A61FBB99-1152-4777-86A6-E785EB5EE26E}.Release|Any CPU.ActiveCfg = Release|Any CPU
		{A61FBB99-1152-4777-86A6-E785EB5EE26E}.Release|Any CPU.Build.0 = Release|Any CPU
		{04D0E5AE-873B-4545-B3F1-D6534E3BE2A5}.Debug|Any CPU.ActiveCfg = Debug|Any CPU
		{04D0E5AE-873B-4545-B3F1-D6534E3BE2A5}.Debug|Any CPU.Build.0 = Debug|Any CPU
		{04D0E5AE-873B-4545-B3F1-D6534E3BE2A5}.Release|Any CPU.ActiveCfg = Release|Any CPU
		{04D0E5AE-873B-4545-B3F1-D6534E3BE2A5}.Release|Any CPU.Build.0 = Release|Any CPU
	EndGlobalSection
	GlobalSection(SolutionProperties) = preSolution
		HideSolutionNode = FALSE
	EndGlobalSection
	GlobalSection(NestedProjects) = preSolution
		{87E8A348-C062-4825-B143-13E1F2639729} = {B9467C25-64B0-4600-860C-0C91F019AA72}
		{A61FBB99-1152-4777-86A6-E785EB5EE26E} = {86B151FF-CBED-4F10-B7A7-1A0E0BF739A8}
		{04D0E5AE-873B-4545-B3F1-D6534E3BE2A5} = {9D3EB5BF-D53A-4F02-92C3-2458649D42D0}
	EndGlobalSection
	GlobalSection(ExtensibilityGlobals) = postSolution
		SolutionGuid = {674D3B2A-B71C-4B35-AD79-5B7522611962}
	EndGlobalSection
EndGlobal
